
Microsoft Visual Studio Solution File, Format Version 12.00
# Visual Studio Version 17
VisualStudioVersion = 17.4.33110.190
MinimumVisualStudioVersion = 15.0.26124.0
Project("{9A19103F-16F7-4668-BE54-9A1E7A4F7556}") = "Common.DataAccess", "Common.DataAccess\Common.DataAccess.csproj", "{498B617D-FB23-46BF-9E34-CDEC8218B112}"
EndProject
Project("{9A19103F-16F7-4668-BE54-9A1E7A4F7556}") = "Common.DTO", "Common.DTO\Common.DTO.csproj", "{5C831ED6-9F93-4660-B270-74D33DC2D7FE}"
EndProject
Project("{9A19103F-16F7-4668-BE54-9A1E7A4F7556}") = "Common.Infrastructure", "Common.Infrastructure\Common.Infrastructure.csproj", "{44F5A49D-53FB-4F1C-8422-1E67327C5022}"
EndProject
Project("{9A19103F-16F7-4668-BE54-9A1E7A4F7556}") = "Common.Functions", "Common.Functions\Common.Functions.csproj", "{FB87BF62-71EC-4CC5-A06A-70131F6A0DDA}"
EndProject
Project("{9A19103F-16F7-4668-BE54-9A1E7A4F7556}") = "Common.Domain", "Common.Models\Common.Domain.csproj", "{099292A5-D00A-475A-B41C-94B0C820E921}"
EndProject
Project("{9A19103F-16F7-4668-BE54-9A1E7A4F7556}") = "SO.API", "SO.API\SO.API.csproj", "{83C7465B-ADB0-44DC-9696-E6E65315A721}"
EndProject
Project("{9A19103F-16F7-4668-BE54-9A1E7A4F7556}") = "SO.Application", "SO.Application\SO.Application.csproj", "{B616B4C4-E849-4799-80E0-1F945CDF741A}"
EndProject
Project("{9A19103F-16F7-4668-BE54-9A1E7A4F7556}") = "SO.Domain", "SO.Domain\SO.Domain.csproj", "{ECBC7B3C-192A-4CEC-ACE6-B41ADFF5BA74}"
EndProject
Project("{9A19103F-16F7-4668-BE54-9A1E7A4F7556}") = "SO.DTO", "SO.DTO\SO.DTO.csproj", "{58FB444D-02D5-4072-BD86-FC924F915E5F}"
EndProject
Project("{9A19103F-16F7-4668-BE54-9A1E7A4F7556}") = "SO.Infrastructure", "SO.Infrastructure\SO.Infrastructure.csproj", "{C3BC3BE0-758C-41CB-B139-9114C0D44B8E}"
EndProject
Project("{9A19103F-16F7-4668-BE54-9A1E7A4F7556}") = "SO.DataAccess", "SO.Persistence\SO.DataAccess.csproj", "{41B9051C-BE89-4646-9828-5848131DF97E}"
EndProject
Global
	GlobalSection(SolutionConfigurationPlatforms) = preSolution
		Debug|Any CPU = Debug|Any CPU
		Debug|x64 = Debug|x64
		Debug|x86 = Debug|x86
		Release|Any CPU = Release|Any CPU
		Release|x64 = Release|x64
		Release|x86 = Release|x86
	EndGlobalSection
	GlobalSection(ProjectConfigurationPlatforms) = postSolution
		{498B617D-FB23-46BF-9E34-CDEC8218B112}.Debug|Any CPU.ActiveCfg = Debug|Any CPU
		{498B617D-FB23-46BF-9E34-CDEC8218B112}.Debug|Any CPU.Build.0 = Debug|Any CPU
		{498B617D-FB23-46BF-9E34-CDEC8218B112}.Debug|x64.ActiveCfg = Debug|Any CPU
		{498B617D-FB23-46BF-9E34-CDEC8218B112}.Debug|x64.Build.0 = Debug|Any CPU
		{498B617D-FB23-46BF-9E34-CDEC8218B112}.Debug|x86.ActiveCfg = Debug|Any CPU
		{498B617D-FB23-46BF-9E34-CDEC8218B112}.Debug|x86.Build.0 = Debug|Any CPU
		{498B617D-FB23-46BF-9E34-CDEC8218B112}.Release|Any CPU.ActiveCfg = Release|Any CPU
		{498B617D-FB23-46BF-9E34-CDEC8218B112}.Release|Any CPU.Build.0 = Release|Any CPU
		{498B617D-FB23-46BF-9E34-CDEC8218B112}.Release|x64.ActiveCfg = Release|Any CPU
		{498B617D-FB23-46BF-9E34-CDEC8218B112}.Release|x64.Build.0 = Release|Any CPU
		{498B617D-FB23-46BF-9E34-CDEC8218B112}.Release|x86.ActiveCfg = Release|Any CPU
		{498B617D-FB23-46BF-9E34-CDEC8218B112}.Release|x86.Build.0 = Release|Any CPU
		{5C831ED6-9F93-4660-B270-74D33DC2D7FE}.Debug|Any CPU.ActiveCfg = Debug|Any CPU
		{5C831ED6-9F93-4660-B270-74D33DC2D7FE}.Debug|Any CPU.Build.0 = Debug|Any CPU
		{5C831ED6-9F93-4660-B270-74D33DC2D7FE}.Debug|x64.ActiveCfg = Debug|Any CPU
		{5C831ED6-9F93-4660-B270-74D33DC2D7FE}.Debug|x64.Build.0 = Debug|Any CPU
		{5C831ED6-9F93-4660-B270-74D33DC2D7FE}.Debug|x86.ActiveCfg = Debug|Any CPU
		{5C831ED6-9F93-4660-B270-74D33DC2D7FE}.Debug|x86.Build.0 = Debug|Any CPU
		{5C831ED6-9F93-4660-B270-74D33DC2D7FE}.Release|Any CPU.ActiveCfg = Release|Any CPU
		{5C831ED6-9F93-4660-B270-74D33DC2D7FE}.Release|Any CPU.Build.0 = Release|Any CPU
		{5C831ED6-9F93-4660-B270-74D33DC2D7FE}.Release|x64.ActiveCfg = Release|Any CPU
		{5C831ED6-9F93-4660-B270-74D33DC2D7FE}.Release|x64.Build.0 = Release|Any CPU
		{5C831ED6-9F93-4660-B270-74D33DC2D7FE}.Release|x86.ActiveCfg = Release|Any CPU
		{5C831ED6-9F93-4660-B270-74D33DC2D7FE}.Release|x86.Build.0 = Release|Any CPU
		{44F5A49D-53FB-4F1C-8422-1E67327C5022}.Debug|Any CPU.ActiveCfg = Debug|Any CPU
		{44F5A49D-53FB-4F1C-8422-1E67327C5022}.Debug|Any CPU.Build.0 = Debug|Any CPU
		{44F5A49D-53FB-4F1C-8422-1E67327C5022}.Debug|x64.ActiveCfg = Debug|Any CPU
		{44F5A49D-53FB-4F1C-8422-1E67327C5022}.Debug|x64.Build.0 = Debug|Any CPU
		{44F5A49D-53FB-4F1C-8422-1E67327C5022}.Debug|x86.ActiveCfg = Debug|Any CPU
		{44F5A49D-53FB-4F1C-8422-1E67327C5022}.Debug|x86.Build.0 = Debug|Any CPU
		{44F5A49D-53FB-4F1C-8422-1E67327C5022}.Release|Any CPU.ActiveCfg = Release|Any CPU
		{44F5A49D-53FB-4F1C-8422-1E67327C5022}.Release|Any CPU.Build.0 = Release|Any CPU
		{44F5A49D-53FB-4F1C-8422-1E67327C5022}.Release|x64.ActiveCfg = Release|Any CPU
		{44F5A49D-53FB-4F1C-8422-1E67327C5022}.Release|x64.Build.0 = Release|Any CPU
		{44F5A49D-53FB-4F1C-8422-1E67327C5022}.Release|x86.ActiveCfg = Release|Any CPU
		{44F5A49D-53FB-4F1C-8422-1E67327C5022}.Release|x86.Build.0 = Release|Any CPU
		{FB87BF62-71EC-4CC5-A06A-70131F6A0DDA}.Debug|Any CPU.ActiveCfg = Debug|Any CPU
		{FB87BF62-71EC-4CC5-A06A-70131F6A0DDA}.Debug|Any CPU.Build.0 = Debug|Any CPU
		{FB87BF62-71EC-4CC5-A06A-70131F6A0DDA}.Debug|x64.ActiveCfg = Debug|Any CPU
		{FB87BF62-71EC-4CC5-A06A-70131F6A0DDA}.Debug|x64.Build.0 = Debug|Any CPU
		{FB87BF62-71EC-4CC5-A06A-70131F6A0DDA}.Debug|x86.ActiveCfg = Debug|Any CPU
		{FB87BF62-71EC-4CC5-A06A-70131F6A0DDA}.Debug|x86.Build.0 = Debug|Any CPU
		{FB87BF62-71EC-4CC5-A06A-70131F6A0DDA}.Release|Any CPU.ActiveCfg = Release|Any CPU
		{FB87BF62-71EC-4CC5-A06A-70131F6A0DDA}.Release|Any CPU.Build.0 = Release|Any CPU
		{FB87BF62-71EC-4CC5-A06A-70131F6A0DDA}.Release|x64.ActiveCfg = Release|Any CPU
		{FB87BF62-71EC-4CC5-A06A-70131F6A0DDA}.Release|x64.Build.0 = Release|Any CPU
		{FB87BF62-71EC-4CC5-A06A-70131F6A0DDA}.Release|x86.ActiveCfg = Release|Any CPU
		{FB87BF62-71EC-4CC5-A06A-70131F6A0DDA}.Release|x86.Build.0 = Release|Any CPU
		{099292A5-D00A-475A-B41C-94B0C820E921}.Debug|Any CPU.ActiveCfg = Debug|Any CPU
		{099292A5-D00A-475A-B41C-94B0C820E921}.Debug|Any CPU.Build.0 = Debug|Any CPU
		{099292A5-D00A-475A-B41C-94B0C820E921}.Debug|x64.ActiveCfg = Debug|Any CPU
		{099292A5-D00A-475A-B41C-94B0C820E921}.Debug|x64.Build.0 = Debug|Any CPU
		{099292A5-D00A-475A-B41C-94B0C820E921}.Debug|x86.ActiveCfg = Debug|Any CPU
		{099292A5-D00A-475A-B41C-94B0C820E921}.Debug|x86.Build.0 = Debug|Any CPU
		{099292A5-D00A-475A-B41C-94B0C820E921}.Release|Any CPU.ActiveCfg = Release|Any CPU
		{099292A5-D00A-475A-B41C-94B0C820E921}.Release|Any CPU.Build.0 = Release|Any CPU
		{099292A5-D00A-475A-B41C-94B0C820E921}.Release|x64.ActiveCfg = Release|Any CPU
		{099292A5-D00A-475A-B41C-94B0C820E921}.Release|x64.Build.0 = Release|Any CPU
		{099292A5-D00A-475A-B41C-94B0C820E921}.Release|x86.ActiveCfg = Release|Any CPU
		{099292A5-D00A-475A-B41C-94B0C820E921}.Release|x86.Build.0 = Release|Any CPU
		{83C7465B-ADB0-44DC-9696-E6E65315A721}.Debug|Any CPU.ActiveCfg = Debug|Any CPU
		{83C7465B-ADB0-44DC-9696-E6E65315A721}.Debug|Any CPU.Build.0 = Debug|Any CPU
		{83C7465B-ADB0-44DC-9696-E6E65315A721}.Debug|x64.ActiveCfg = Debug|Any CPU
		{83C7465B-ADB0-44DC-9696-E6E65315A721}.Debug|x64.Build.0 = Debug|Any CPU
		{83C7465B-ADB0-44DC-9696-E6E65315A721}.Debug|x86.ActiveCfg = Debug|Any CPU
		{83C7465B-ADB0-44DC-9696-E6E65315A721}.Debug|x86.Build.0 = Debug|Any CPU
		{83C7465B-ADB0-44DC-9696-E6E65315A721}.Release|Any CPU.ActiveCfg = Release|Any CPU
		{83C7465B-ADB0-44DC-9696-E6E65315A721}.Release|Any CPU.Build.0 = Release|Any CPU
		{83C7465B-ADB0-44DC-9696-E6E65315A721}.Release|x64.ActiveCfg = Release|Any CPU
		{83C7465B-ADB0-44DC-9696-E6E65315A721}.Release|x64.Build.0 = Release|Any CPU
		{83C7465B-ADB0-44DC-9696-E6E65315A721}.Release|x86.ActiveCfg = Release|Any CPU
		{83C7465B-ADB0-44DC-9696-E6E65315A721}.Release|x86.Build.0 = Release|Any CPU
		{B616B4C4-E849-4799-80E0-1F945CDF741A}.Debug|Any CPU.ActiveCfg = Debug|Any CPU
		{B616B4C4-E849-4799-80E0-1F945CDF741A}.Debug|Any CPU.Build.0 = Debug|Any CPU
		{B616B4C4-E849-4799-80E0-1F945CDF741A}.Debug|x64.ActiveCfg = Debug|Any CPU
		{B616B4C4-E849-4799-80E0-1F945CDF741A}.Debug|x64.Build.0 = Debug|Any CPU
		{B616B4C4-E849-4799-80E0-1F945CDF741A}.Debug|x86.ActiveCfg = Debug|Any CPU
		{B616B4C4-E849-4799-80E0-1F945CDF741A}.Debug|x86.Build.0 = Debug|Any CPU
		{B616B4C4-E849-4799-80E0-1F945CDF741A}.Release|Any CPU.ActiveCfg = Release|Any CPU
		{B616B4C4-E849-4799-80E0-1F945CDF741A}.Release|Any CPU.Build.0 = Release|Any CPU
		{B616B4C4-E849-4799-80E0-1F945CDF741A}.Release|x64.ActiveCfg = Release|Any CPU
		{B616B4C4-E849-4799-80E0-1F945CDF741A}.Release|x64.Build.0 = Release|Any CPU
		{B616B4C4-E849-4799-80E0-1F945CDF741A}.Release|x86.ActiveCfg = Release|Any CPU
		{B616B4C4-E849-4799-80E0-1F945CDF741A}.Release|x86.Build.0 = Release|Any CPU
		{ECBC7B3C-192A-4CEC-ACE6-B41ADFF5BA74}.Debug|Any CPU.ActiveCfg = Debug|Any CPU
		{ECBC7B3C-192A-4CEC-ACE6-B41ADFF5BA74}.Debug|Any CPU.Build.0 = Debug|Any CPU
		{ECBC7B3C-192A-4CEC-ACE6-B41ADFF5BA74}.Debug|x64.ActiveCfg = Debug|Any CPU
		{ECBC7B3C-192A-4CEC-ACE6-B41ADFF5BA74}.Debug|x64.Build.0 = Debug|Any CPU
		{ECBC7B3C-192A-4CEC-ACE6-B41ADFF5BA74}.Debug|x86.ActiveCfg = Debug|Any CPU
		{ECBC7B3C-192A-4CEC-ACE6-B41ADFF5BA74}.Debug|x86.Build.0 = Debug|Any CPU
		{ECBC7B3C-192A-4CEC-ACE6-B41ADFF5BA74}.Release|Any CPU.ActiveCfg = Release|Any CPU
		{ECBC7B3C-192A-4CEC-ACE6-B41ADFF5BA74}.Release|Any CPU.Build.0 = Release|Any CPU
		{ECBC7B3C-192A-4CEC-ACE6-B41ADFF5BA74}.Release|x64.ActiveCfg = Release|Any CPU
		{ECBC7B3C-192A-4CEC-ACE6-B41ADFF5BA74}.Release|x64.Build.0 = Release|Any CPU
		{ECBC7B3C-192A-4CEC-ACE6-B41ADFF5BA74}.Release|x86.ActiveCfg = Release|Any CPU
		{ECBC7B3C-192A-4CEC-ACE6-B41ADFF5BA74}.Release|x86.Build.0 = Release|Any CPU
		{58FB444D-02D5-4072-BD86-FC924F915E5F}.Debug|Any CPU.ActiveCfg = Debug|Any CPU
		{58FB444D-02D5-4072-BD86-FC924F915E5F}.Debug|Any CPU.Build.0 = Debug|Any CPU
		{58FB444D-02D5-4072-BD86-FC924F915E5F}.Debug|x64.ActiveCfg = Debug|Any CPU
		{58FB444D-02D5-4072-BD86-FC924F915E5F}.Debug|x64.Build.0 = Debug|Any CPU
		{58FB444D-02D5-4072-BD86-FC924F915E5F}.Debug|x86.ActiveCfg = Debug|Any CPU
		{58FB444D-02D5-4072-BD86-FC924F915E5F}.Debug|x86.Build.0 = Debug|Any CPU
		{58FB444D-02D5-4072-BD86-FC924F915E5F}.Release|Any CPU.ActiveCfg = Release|Any CPU
		{58FB444D-02D5-4072-BD86-FC924F915E5F}.Release|Any CPU.Build.0 = Release|Any CPU
		{58FB444D-02D5-4072-BD86-FC924F915E5F}.Release|x64.ActiveCfg = Release|Any CPU
		{58FB444D-02D5-4072-BD86-FC924F915E5F}.Release|x64.Build.0 = Release|Any CPU
		{58FB444D-02D5-4072-BD86-FC924F915E5F}.Release|x86.ActiveCfg = Release|Any CPU
		{58FB444D-02D5-4072-BD86-FC924F915E5F}.Release|x86.Build.0 = Release|Any CPU
		{C3BC3BE0-758C-41CB-B139-9114C0D44B8E}.Debug|Any CPU.ActiveCfg = Debug|Any CPU
		{C3BC3BE0-758C-41CB-B139-9114C0D44B8E}.Debug|Any CPU.Build.0 = Debug|Any CPU
		{C3BC3BE0-758C-41CB-B139-9114C0D44B8E}.Debug|x64.ActiveCfg = Debug|Any CPU
		{C3BC3BE0-758C-41CB-B139-9114C0D44B8E}.Debug|x64.Build.0 = Debug|Any CPU
		{C3BC3BE0-758C-41CB-B139-9114C0D44B8E}.Debug|x86.ActiveCfg = Debug|Any CPU
		{C3BC3BE0-758C-41CB-B139-9114C0D44B8E}.Debug|x86.Build.0 = Debug|Any CPU
		{C3BC3BE0-758C-41CB-B139-9114C0D44B8E}.Release|Any CPU.ActiveCfg = Release|Any CPU
		{C3BC3BE0-758C-41CB-B139-9114C0D44B8E}.Release|Any CPU.Build.0 = Release|Any CPU
		{C3BC3BE0-758C-41CB-B139-9114C0D44B8E}.Release|x64.ActiveCfg = Release|Any CPU
		{C3BC3BE0-758C-41CB-B139-9114C0D44B8E}.Release|x64.Build.0 = Release|Any CPU
		{C3BC3BE0-758C-41CB-B139-9114C0D44B8E}.Release|x86.ActiveCfg = Release|Any CPU
		{C3BC3BE0-758C-41CB-B139-9114C0D44B8E}.Release|x86.Build.0 = Release|Any CPU
		{41B9051C-BE89-4646-9828-5848131DF97E}.Debug|Any CPU.ActiveCfg = Debug|Any CPU
		{41B9051C-BE89-4646-9828-5848131DF97E}.Debug|Any CPU.Build.0 = Debug|Any CPU
		{41B9051C-BE89-4646-9828-5848131DF97E}.Debug|x64.ActiveCfg = Debug|Any CPU
		{41B9051C-BE89-4646-9828-5848131DF97E}.Debug|x64.Build.0 = Debug|Any CPU
		{41B9051C-BE89-4646-9828-5848131DF97E}.Debug|x86.ActiveCfg = Debug|Any CPU
		{41B9051C-BE89-4646-9828-5848131DF97E}.Debug|x86.Build.0 = Debug|Any CPU
		{41B9051C-BE89-4646-9828-5848131DF97E}.Release|Any CPU.ActiveCfg = Release|Any CPU
		{41B9051C-BE89-4646-9828-5848131DF97E}.Release|Any CPU.Build.0 = Release|Any CPU
		{41B9051C-BE89-4646-9828-5848131DF97E}.Release|x64.ActiveCfg = Release|Any CPU
		{41B9051C-BE89-4646-9828-5848131DF97E}.Release|x64.Build.0 = Release|Any CPU
		{41B9051C-BE89-4646-9828-5848131DF97E}.Release|x86.ActiveCfg = Release|Any CPU
		{41B9051C-BE89-4646-9828-5848131DF97E}.Release|x86.Build.0 = Release|Any CPU
	EndGlobalSection
	GlobalSection(SolutionProperties) = preSolution
		HideSolutionNode = FALSE
	EndGlobalSection
	GlobalSection(ExtensibilityGlobals) = postSolution
		SolutionGuid = {27C28DDE-C376-4C6F-A3A3-A57B6161F779}
	EndGlobalSection
EndGlobal
